
Microsoft Visual Studio Solution File, Format Version 12.00
# Visual Studio 2013
VisualStudioVersion = 12.0.40629.0
MinimumVisualStudioVersion = 10.0.40219.1
Project("{FAE04EC0-301F-11D3-BF4B-00C04F79EFBC}") = "AgeRanger.SPA", "AgeRanger.SPA\AgeRanger.SPA.csproj", "{812A004D-3542-403B-B88A-56F8F5E087FF}"
EndProject
Project("{FAE04EC0-301F-11D3-BF4B-00C04F79EFBC}") = "AgeRanger.SPA.Tests", "AgeRanger.SPA.Tests\AgeRanger.SPA.Tests.csproj", "{53B97176-5EDF-417D-9F71-0524FA1990ED}"
EndProject
Global
	GlobalSection(SolutionConfigurationPlatforms) = preSolution
		Debug|Any CPU = Debug|Any CPU
		Release|Any CPU = Release|Any CPU
	EndGlobalSection
	GlobalSection(ProjectConfigurationPlatforms) = postSolution
		{812A004D-3542-403B-B88A-56F8F5E087FF}.Debug|Any CPU.ActiveCfg = Debug|Any CPU
		{812A004D-3542-403B-B88A-56F8F5E087FF}.Debug|Any CPU.Build.0 = Debug|Any CPU
		{812A004D-3542-403B-B88A-56F8F5E087FF}.Release|Any CPU.ActiveCfg = Release|Any CPU
		{812A004D-3542-403B-B88A-56F8F5E087FF}.Release|Any CPU.Build.0 = Release|Any CPU
		{53B97176-5EDF-417D-9F71-0524FA1990ED}.Debug|Any CPU.ActiveCfg = Debug|Any CPU
		{53B97176-5EDF-417D-9F71-0524FA1990ED}.Debug|Any CPU.Build.0 = Debug|Any CPU
		{53B97176-5EDF-417D-9F71-0524FA1990ED}.Release|Any CPU.ActiveCfg = Release|Any CPU
		{53B97176-5EDF-417D-9F71-0524FA1990ED}.Release|Any CPU.Build.0 = Release|Any CPU
	EndGlobalSection
	GlobalSection(SolutionProperties) = preSolution
		HideSolutionNode = FALSE
	EndGlobalSection
EndGlobal
